
Microsoft Visual Studio Solution File, Format Version 12.00
# Visual Studio Version 16
VisualStudioVersion = 16.0.810.24
MinimumVisualStudioVersion = 10.0.40219.1
Project("{FAE04EC0-301F-11D3-BF4B-00C04F79EFBC}") = "zoho_questions", "zoho_questions\zoho_questions.csproj", "{47BD7A8B-93B3-427B-8809-5E671510B17D}"
EndProject
Global
	GlobalSection(SolutionConfigurationPlatforms) = preSolution
		Debug|Any CPU = Debug|Any CPU
		Release|Any CPU = Release|Any CPU
	EndGlobalSection
	GlobalSection(ProjectConfigurationPlatforms) = postSolution
		{47BD7A8B-93B3-427B-8809-5E671510B17D}.Debug|Any CPU.ActiveCfg = Debug|Any CPU
		{47BD7A8B-93B3-427B-8809-5E671510B17D}.Debug|Any CPU.Build.0 = Debug|Any CPU
		{47BD7A8B-93B3-427B-8809-5E671510B17D}.Release|Any CPU.ActiveCfg = Release|Any CPU
		{47BD7A8B-93B3-427B-8809-5E671510B17D}.Release|Any CPU.Build.0 = Release|Any CPU
	EndGlobalSection
	GlobalSection(SolutionProperties) = preSolution
		HideSolutionNode = FALSE
	EndGlobalSection
	GlobalSection(ExtensibilityGlobals) = postSolution
		SolutionGuid = {A5E1AAB8-DD62-4121-8845-3E659F6AA476}
	EndGlobalSection
EndGlobal
