
Microsoft Visual Studio Solution File, Format Version 12.00
# Visual Studio Version 16
VisualStudioVersion = 16.0.810.24
MinimumVisualStudioVersion = 10.0.40219.1
Project("{FAE04EC0-301F-11D3-BF4B-00C04F79EFBC}") = "longest_subsequence", "longest_subsequence\longest_subsequence.csproj", "{0FE922AB-60C0-4A9D-8D4B-D0B874344039}"
EndProject
Global
	GlobalSection(SolutionConfigurationPlatforms) = preSolution
		Debug|Any CPU = Debug|Any CPU
		Release|Any CPU = Release|Any CPU
	EndGlobalSection
	GlobalSection(ProjectConfigurationPlatforms) = postSolution
		{0FE922AB-60C0-4A9D-8D4B-D0B874344039}.Debug|Any CPU.ActiveCfg = Debug|Any CPU
		{0FE922AB-60C0-4A9D-8D4B-D0B874344039}.Debug|Any CPU.Build.0 = Debug|Any CPU
		{0FE922AB-60C0-4A9D-8D4B-D0B874344039}.Release|Any CPU.ActiveCfg = Release|Any CPU
		{0FE922AB-60C0-4A9D-8D4B-D0B874344039}.Release|Any CPU.Build.0 = Release|Any CPU
	EndGlobalSection
	GlobalSection(SolutionProperties) = preSolution
		HideSolutionNode = FALSE
	EndGlobalSection
	GlobalSection(ExtensibilityGlobals) = postSolution
		SolutionGuid = {06FE8042-3E5D-4935-9C60-72AB095D457E}
	EndGlobalSection
EndGlobal
