
Microsoft Visual Studio Solution File, Format Version 12.00
# Visual Studio Version 16
VisualStudioVersion = 16.0.810.24
MinimumVisualStudioVersion = 10.0.40219.1
Project("{FAE04EC0-301F-11D3-BF4B-00C04F79EFBC}") = "TicTacToe", "TicTacToe\TicTacToe.csproj", "{539C985A-ABC6-453A-8392-8FDDDC219130}"
EndProject
Global
	GlobalSection(SolutionConfigurationPlatforms) = preSolution
		Debug|Any CPU = Debug|Any CPU
		Release|Any CPU = Release|Any CPU
	EndGlobalSection
	GlobalSection(ProjectConfigurationPlatforms) = postSolution
		{539C985A-ABC6-453A-8392-8FDDDC219130}.Debug|Any CPU.ActiveCfg = Debug|Any CPU
		{539C985A-ABC6-453A-8392-8FDDDC219130}.Debug|Any CPU.Build.0 = Debug|Any CPU
		{539C985A-ABC6-453A-8392-8FDDDC219130}.Release|Any CPU.ActiveCfg = Release|Any CPU
		{539C985A-ABC6-453A-8392-8FDDDC219130}.Release|Any CPU.Build.0 = Release|Any CPU
	EndGlobalSection
	GlobalSection(SolutionProperties) = preSolution
		HideSolutionNode = FALSE
	EndGlobalSection
	GlobalSection(ExtensibilityGlobals) = postSolution
		SolutionGuid = {98D6E0C1-F1F5-4C79-B922-DAA4C747141A}
	EndGlobalSection
EndGlobal
