
Microsoft Visual Studio Solution File, Format Version 12.00
# Visual Studio Version 16
VisualStudioVersion = 16.0.810.24
MinimumVisualStudioVersion = 10.0.40219.1
Project("{FAE04EC0-301F-11D3-BF4B-00C04F79EFBC}") = "Train_ticket_reservation", "Train_ticket_reservation\Train_ticket_reservation.csproj", "{EE0F4F4F-8EBF-45F0-A5CA-592F7B7AE76D}"
EndProject
Global
	GlobalSection(SolutionConfigurationPlatforms) = preSolution
		Debug|Any CPU = Debug|Any CPU
		Release|Any CPU = Release|Any CPU
	EndGlobalSection
	GlobalSection(ProjectConfigurationPlatforms) = postSolution
		{EE0F4F4F-8EBF-45F0-A5CA-592F7B7AE76D}.Debug|Any CPU.ActiveCfg = Debug|Any CPU
		{EE0F4F4F-8EBF-45F0-A5CA-592F7B7AE76D}.Debug|Any CPU.Build.0 = Debug|Any CPU
		{EE0F4F4F-8EBF-45F0-A5CA-592F7B7AE76D}.Release|Any CPU.ActiveCfg = Release|Any CPU
		{EE0F4F4F-8EBF-45F0-A5CA-592F7B7AE76D}.Release|Any CPU.Build.0 = Release|Any CPU
	EndGlobalSection
	GlobalSection(SolutionProperties) = preSolution
		HideSolutionNode = FALSE
	EndGlobalSection
	GlobalSection(ExtensibilityGlobals) = postSolution
		SolutionGuid = {E9B8C41E-E60B-46A7-9A97-EF8C5FE9FDB2}
	EndGlobalSection
EndGlobal
