
Microsoft Visual Studio Solution File, Format Version 12.00
# Visual Studio Version 16
VisualStudioVersion = 16.0.810.24
MinimumVisualStudioVersion = 10.0.40219.1
Project("{FAE04EC0-301F-11D3-BF4B-00C04F79EFBC}") = "challenge-day2", "challenge-day2\challenge-day2.csproj", "{FFA93496-D3BD-4863-804F-FC6AB9A54EC2}"
EndProject
Global
	GlobalSection(SolutionConfigurationPlatforms) = preSolution
		Debug|Any CPU = Debug|Any CPU
		Release|Any CPU = Release|Any CPU
	EndGlobalSection
	GlobalSection(ProjectConfigurationPlatforms) = postSolution
		{FFA93496-D3BD-4863-804F-FC6AB9A54EC2}.Debug|Any CPU.ActiveCfg = Debug|Any CPU
		{FFA93496-D3BD-4863-804F-FC6AB9A54EC2}.Debug|Any CPU.Build.0 = Debug|Any CPU
		{FFA93496-D3BD-4863-804F-FC6AB9A54EC2}.Release|Any CPU.ActiveCfg = Release|Any CPU
		{FFA93496-D3BD-4863-804F-FC6AB9A54EC2}.Release|Any CPU.Build.0 = Release|Any CPU
	EndGlobalSection
	GlobalSection(SolutionProperties) = preSolution
		HideSolutionNode = FALSE
	EndGlobalSection
	GlobalSection(ExtensibilityGlobals) = postSolution
		SolutionGuid = {CB36F4F3-0392-49E3-9721-3C25FAF4B03B}
	EndGlobalSection
EndGlobal
