
Microsoft Visual Studio Solution File, Format Version 12.00
# Visual Studio Version 16
VisualStudioVersion = 16.0.810.24
MinimumVisualStudioVersion = 10.0.40219.1
Project("{FAE04EC0-301F-11D3-BF4B-00C04F79EFBC}") = "bitonic", "bitonic\bitonic.csproj", "{D6CA2F18-5CAF-452A-9D60-A50E0A06D72E}"
EndProject
Global
	GlobalSection(SolutionConfigurationPlatforms) = preSolution
		Debug|Any CPU = Debug|Any CPU
		Release|Any CPU = Release|Any CPU
	EndGlobalSection
	GlobalSection(ProjectConfigurationPlatforms) = postSolution
		{D6CA2F18-5CAF-452A-9D60-A50E0A06D72E}.Debug|Any CPU.ActiveCfg = Debug|Any CPU
		{D6CA2F18-5CAF-452A-9D60-A50E0A06D72E}.Debug|Any CPU.Build.0 = Debug|Any CPU
		{D6CA2F18-5CAF-452A-9D60-A50E0A06D72E}.Release|Any CPU.ActiveCfg = Release|Any CPU
		{D6CA2F18-5CAF-452A-9D60-A50E0A06D72E}.Release|Any CPU.Build.0 = Release|Any CPU
	EndGlobalSection
	GlobalSection(SolutionProperties) = preSolution
		HideSolutionNode = FALSE
	EndGlobalSection
	GlobalSection(ExtensibilityGlobals) = postSolution
		SolutionGuid = {4BBBC5A0-0DE4-4038-BB20-97F8636E9606}
	EndGlobalSection
EndGlobal
