
Microsoft Visual Studio Solution File, Format Version 12.00
# Visual Studio Version 16
VisualStudioVersion = 16.0.810.24
MinimumVisualStudioVersion = 10.0.40219.1
Project("{FAE04EC0-301F-11D3-BF4B-00C04F79EFBC}") = "pyramid", "pyramid\pyramid.csproj", "{0EA53197-C972-4A87-A48D-375B345A8D83}"
EndProject
Global
	GlobalSection(SolutionConfigurationPlatforms) = preSolution
		Debug|Any CPU = Debug|Any CPU
		Release|Any CPU = Release|Any CPU
	EndGlobalSection
	GlobalSection(ProjectConfigurationPlatforms) = postSolution
		{0EA53197-C972-4A87-A48D-375B345A8D83}.Debug|Any CPU.ActiveCfg = Debug|Any CPU
		{0EA53197-C972-4A87-A48D-375B345A8D83}.Debug|Any CPU.Build.0 = Debug|Any CPU
		{0EA53197-C972-4A87-A48D-375B345A8D83}.Release|Any CPU.ActiveCfg = Release|Any CPU
		{0EA53197-C972-4A87-A48D-375B345A8D83}.Release|Any CPU.Build.0 = Release|Any CPU
	EndGlobalSection
	GlobalSection(SolutionProperties) = preSolution
		HideSolutionNode = FALSE
	EndGlobalSection
	GlobalSection(ExtensibilityGlobals) = postSolution
		SolutionGuid = {F21B77EA-C555-4504-820B-9B3603200805}
	EndGlobalSection
EndGlobal
