
Microsoft Visual Studio Solution File, Format Version 12.00
# Visual Studio Version 16
VisualStudioVersion = 16.0.810.24
MinimumVisualStudioVersion = 10.0.40219.1
Project("{FAE04EC0-301F-11D3-BF4B-00C04F79EFBC}") = "tictak", "tictak\tictak.csproj", "{026BEF35-487D-4A4F-8CF0-F20933EFA14C}"
EndProject
Global
	GlobalSection(SolutionConfigurationPlatforms) = preSolution
		Debug|Any CPU = Debug|Any CPU
		Release|Any CPU = Release|Any CPU
	EndGlobalSection
	GlobalSection(ProjectConfigurationPlatforms) = postSolution
		{026BEF35-487D-4A4F-8CF0-F20933EFA14C}.Debug|Any CPU.ActiveCfg = Debug|Any CPU
		{026BEF35-487D-4A4F-8CF0-F20933EFA14C}.Debug|Any CPU.Build.0 = Debug|Any CPU
		{026BEF35-487D-4A4F-8CF0-F20933EFA14C}.Release|Any CPU.ActiveCfg = Release|Any CPU
		{026BEF35-487D-4A4F-8CF0-F20933EFA14C}.Release|Any CPU.Build.0 = Release|Any CPU
	EndGlobalSection
	GlobalSection(SolutionProperties) = preSolution
		HideSolutionNode = FALSE
	EndGlobalSection
	GlobalSection(ExtensibilityGlobals) = postSolution
		SolutionGuid = {D19EBC14-C92C-498D-BE1E-AA1A6AB3890B}
	EndGlobalSection
EndGlobal
