
Microsoft Visual Studio Solution File, Format Version 12.00
# Visual Studio Version 16
VisualStudioVersion = 16.0.810.24
MinimumVisualStudioVersion = 10.0.40219.1
Project("{FAE04EC0-301F-11D3-BF4B-00C04F79EFBC}") = "flower_bouquet_billing", "flower_bouquet_billing\flower_bouquet_billing.csproj", "{533A011C-D10D-4689-B635-AAB65CEDAC99}"
EndProject
Global
	GlobalSection(SolutionConfigurationPlatforms) = preSolution
		Debug|Any CPU = Debug|Any CPU
		Release|Any CPU = Release|Any CPU
	EndGlobalSection
	GlobalSection(ProjectConfigurationPlatforms) = postSolution
		{533A011C-D10D-4689-B635-AAB65CEDAC99}.Debug|Any CPU.ActiveCfg = Debug|Any CPU
		{533A011C-D10D-4689-B635-AAB65CEDAC99}.Debug|Any CPU.Build.0 = Debug|Any CPU
		{533A011C-D10D-4689-B635-AAB65CEDAC99}.Release|Any CPU.ActiveCfg = Release|Any CPU
		{533A011C-D10D-4689-B635-AAB65CEDAC99}.Release|Any CPU.Build.0 = Release|Any CPU
	EndGlobalSection
	GlobalSection(SolutionProperties) = preSolution
		HideSolutionNode = FALSE
	EndGlobalSection
	GlobalSection(ExtensibilityGlobals) = postSolution
		SolutionGuid = {D771D711-04DF-4E31-9674-8126039EF071}
	EndGlobalSection
EndGlobal
