
Microsoft Visual Studio Solution File, Format Version 12.00
# Visual Studio Version 16
VisualStudioVersion = 16.0.810.24
MinimumVisualStudioVersion = 10.0.40219.1
Project("{FAE04EC0-301F-11D3-BF4B-00C04F79EFBC}") = "Array_set2", "Array_set2\Array_set2.csproj", "{207988F0-E323-473A-8019-D873D0CEF296}"
EndProject
Global
	GlobalSection(SolutionConfigurationPlatforms) = preSolution
		Debug|Any CPU = Debug|Any CPU
		Release|Any CPU = Release|Any CPU
	EndGlobalSection
	GlobalSection(ProjectConfigurationPlatforms) = postSolution
		{207988F0-E323-473A-8019-D873D0CEF296}.Debug|Any CPU.ActiveCfg = Debug|Any CPU
		{207988F0-E323-473A-8019-D873D0CEF296}.Debug|Any CPU.Build.0 = Debug|Any CPU
		{207988F0-E323-473A-8019-D873D0CEF296}.Release|Any CPU.ActiveCfg = Release|Any CPU
		{207988F0-E323-473A-8019-D873D0CEF296}.Release|Any CPU.Build.0 = Release|Any CPU
	EndGlobalSection
	GlobalSection(SolutionProperties) = preSolution
		HideSolutionNode = FALSE
	EndGlobalSection
	GlobalSection(ExtensibilityGlobals) = postSolution
		SolutionGuid = {391D5F37-7B34-4E8A-B2EC-71BAB334042F}
	EndGlobalSection
EndGlobal
